// !$*UTF8*$!
{
	archiveVersion = 1;
	classes = {
	};
	objectVersion = 50;
	objects = {

/* Begin PBXBuildFile section */
		E600F52120EE94450025BC46 /* AppDelegate.swift in Sources */ = {isa = PBXBuildFile; fileRef = E600F52020EE94450025BC46 /* AppDelegate.swift */; };
		E600F52320EE94450025BC46 /* ViewController.swift in Sources */ = {isa = PBXBuildFile; fileRef = E600F52220EE94450025BC46 /* ViewController.swift */; };
		E600F52620EE94450025BC46 /* Main.storyboard in Resources */ = {isa = PBXBuildFile; fileRef = E600F52420EE94450025BC46 /* Main.storyboard */; };
		E600F52820EE94460025BC46 /* Assets.xcassets in Resources */ = {isa = PBXBuildFile; fileRef = E600F52720EE94460025BC46 /* Assets.xcassets */; };
		E600F52B20EE94460025BC46 /* LaunchScreen.storyboard in Resources */ = {isa = PBXBuildFile; fileRef = E600F52920EE94460025BC46 /* LaunchScreen.storyboard */; };
		E600F53620EE94460025BC46 /* iOSQuizTests.swift in Sources */ = {isa = PBXBuildFile; fileRef = E600F53520EE94460025BC46 /* iOSQuizTests.swift */; };
		E600F54120EE94460025BC46 /* iOSQuizUITests.swift in Sources */ = {isa = PBXBuildFile; fileRef = E600F54020EE94460025BC46 /* iOSQuizUITests.swift */; };
/* End PBXBuildFile section */

/* Begin PBXContainerItemProxy section */
		E600F53220EE94460025BC46 /* PBXContainerItemProxy */ = {
			isa = PBXContainerItemProxy;
			containerPortal = E600F51520EE94450025BC46 /* Project object */;
			proxyType = 1;
			remoteGlobalIDString = E600F51C20EE94450025BC46;
			remoteInfo = iOSQuiz;
		};
		E600F53D20EE94460025BC46 /* PBXContainerItemProxy */ = {
			isa = PBXContainerItemProxy;
			containerPortal = E600F51520EE94450025BC46 /* Project object */;
			proxyType = 1;
			remoteGlobalIDString = E600F51C20EE94450025BC46;
			remoteInfo = iOSQuiz;
		};
/* End PBXContainerItemProxy section */

/* Begin PBXFileReference section */
		E600F51D20EE94450025BC46 /* iOSQuiz.app */ = {isa = PBXFileReference; explicitFileType = wrapper.application; includeInIndex = 0; path = iOSQuiz.app; sourceTree = BUILT_PRODUCTS_DIR; };
		E600F52020EE94450025BC46 /* AppDelegate.swift */ = {isa = PBXFileReference; lastKnownFileType = sourcecode.swift; path = AppDelegate.swift; sourceTree = "<group>"; };
		E600F52220EE94450025BC46 /* ViewController.swift */ = {isa = PBXFileReference; lastKnownFileType = sourcecode.swift; path = ViewController.swift; sourceTree = "<group>"; };
		E600F52520EE94450025BC46 /* Base */ = {isa = PBXFileReference; lastKnownFileType = file.storyboard; name = Base; path = Base.lproj/Main.storyboard; sourceTree = "<group>"; };
		E600F52720EE94460025BC46 /* Assets.xcassets */ = {isa = PBXFileReference; lastKnownFileType = folder.assetcatalog; path = Assets.xcassets; sourceTree = "<group>"; };
		E600F52A20EE94460025BC46 /* Base */ = {isa = PBXFileReference; lastKnownFileType = file.storyboard; name = Base; path = Base.lproj/LaunchScreen.storyboard; sourceTree = "<group>"; };
		E600F52C20EE94460025BC46 /* Info.plist */ = {isa = PBXFileReference; lastKnownFileType = text.plist.xml; path = Info.plist; sourceTree = "<group>"; };
		E600F53120EE94460025BC46 /* iOSQuizTests.xctest */ = {isa = PBXFileReference; explicitFileType = wrapper.cfbundle; includeInIndex = 0; path = iOSQuizTests.xctest; sourceTree = BUILT_PRODUCTS_DIR; };
		E600F53520EE94460025BC46 /* iOSQuizTests.swift */ = {isa = PBXFileReference; lastKnownFileType = sourcecode.swift; path = iOSQuizTests.swift; sourceTree = "<group>"; };
		E600F53720EE94460025BC46 /* Info.plist */ = {isa = PBXFileReference; lastKnownFileType = text.plist.xml; path = Info.plist; sourceTree = "<group>"; };
		E600F53C20EE94460025BC46 /* iOSQuizUITests.xctest */ = {isa = PBXFileReference; explicitFileType = wrapper.cfbundle; includeInIndex = 0; path = iOSQuizUITests.xctest; sourceTree = BUILT_PRODUCTS_DIR; };
		E600F54020EE94460025BC46 /* iOSQuizUITests.swift */ = {isa = PBXFileReference; lastKnownFileType = sourcecode.swift; path = iOSQuizUITests.swift; sourceTree = "<group>"; };
		E600F54220EE94470025BC46 /* Info.plist */ = {isa = PBXFileReference; lastKnownFileType = text.plist.xml; path = Info.plist; sourceTree = "<group>"; };
/* End PBXFileReference section */

/* Begin PBXFrameworksBuildPhase section */
		E600F51A20EE94450025BC46 /* Frameworks */ = {
			isa = PBXFrameworksBuildPhase;
			buildActionMask = 2147483647;
			files = (
			);
			runOnlyForDeploymentPostprocessing = 0;
		};
		E600F52E20EE94460025BC46 /* Frameworks */ = {
			isa = PBXFrameworksBuildPhase;
			buildActionMask = 2147483647;
			files = (
			);
			runOnlyForDeploymentPostprocessing = 0;
		};
		E600F53920EE94460025BC46 /* Frameworks */ = {
			isa = PBXFrameworksBuildPhase;
			buildActionMask = 2147483647;
			files = (
			);
			runOnlyForDeploymentPostprocessing = 0;
		};
/* End PBXFrameworksBuildPhase section */

/* Begin PBXGroup section */
		E600F51420EE94450025BC46 = {
			isa = PBXGroup;
			children = (
				E600F51F20EE94450025BC46 /* iOSQuiz */,
				E600F53420EE94460025BC46 /* iOSQuizTests */,
				E600F53F20EE94460025BC46 /* iOSQuizUITests */,
				E600F51E20EE94450025BC46 /* Products */,
			);
			sourceTree = "<group>";
		};
		E600F51E20EE94450025BC46 /* Products */ = {
			isa = PBXGroup;
			children = (
				E600F51D20EE94450025BC46 /* iOSQuiz.app */,
				E600F53120EE94460025BC46 /* iOSQuizTests.xctest */,
				E600F53C20EE94460025BC46 /* iOSQuizUITests.xctest */,
			);
			name = Products;
			sourceTree = "<group>";
		};
		E600F51F20EE94450025BC46 /* iOSQuiz */ = {
			isa = PBXGroup;
			children = (
				E600F52020EE94450025BC46 /* AppDelegate.swift */,
				E600F52220EE94450025BC46 /* ViewController.swift */,
				E600F52420EE94450025BC46 /* Main.storyboard */,
				E600F52720EE94460025BC46 /* Assets.xcassets */,
				E600F52920EE94460025BC46 /* LaunchScreen.storyboard */,
				E600F52C20EE94460025BC46 /* Info.plist */,
			);
			path = iOSQuiz;
			sourceTree = "<group>";
		};
		E600F53420EE94460025BC46 /* iOSQuizTests */ = {
			isa = PBXGroup;
			children = (
				E600F53520EE94460025BC46 /* iOSQuizTests.swift */,
				E600F53720EE94460025BC46 /* Info.plist */,
			);
			path = iOSQuizTests;
			sourceTree = "<group>";
		};
		E600F53F20EE94460025BC46 /* iOSQuizUITests */ = {
			isa = PBXGroup;
			children = (
				E600F54020EE94460025BC46 /* iOSQuizUITests.swift */,
				E600F54220EE94470025BC46 /* Info.plist */,
			);
			path = iOSQuizUITests;
			sourceTree = "<group>";
		};
/* End PBXGroup section */

/* Begin PBXNativeTarget section */
		E600F51C20EE94450025BC46 /* iOSQuiz */ = {
			isa = PBXNativeTarget;
			buildConfigurationList = E600F54520EE94470025BC46 /* Build configuration list for PBXNativeTarget "iOSQuiz" */;
			buildPhases = (
				E600F51920EE94450025BC46 /* Sources */,
				E600F51A20EE94450025BC46 /* Frameworks */,
				E600F51B20EE94450025BC46 /* Resources */,
			);
			buildRules = (
			);
			dependencies = (
			);
			name = iOSQuiz;
			productName = iOSQuiz;
			productReference = E600F51D20EE94450025BC46 /* iOSQuiz.app */;
			productType = "com.apple.product-type.application";
		};
		E600F53020EE94460025BC46 /* iOSQuizTests */ = {
			isa = PBXNativeTarget;
			buildConfigurationList = E600F54820EE94470025BC46 /* Build configuration list for PBXNativeTarget "iOSQuizTests" */;
			buildPhases = (
				E600F52D20EE94460025BC46 /* Sources */,
				E600F52E20EE94460025BC46 /* Frameworks */,
				E600F52F20EE94460025BC46 /* Resources */,
			);
			buildRules = (
			);
			dependencies = (
				E600F53320EE94460025BC46 /* PBXTargetDependency */,
			);
			name = iOSQuizTests;
			productName = iOSQuizTests;
			productReference = E600F53120EE94460025BC46 /* iOSQuizTests.xctest */;
			productType = "com.apple.product-type.bundle.unit-test";
		};
		E600F53B20EE94460025BC46 /* iOSQuizUITests */ = {
			isa = PBXNativeTarget;
			buildConfigurationList = E600F54B20EE94470025BC46 /* Build configuration list for PBXNativeTarget "iOSQuizUITests" */;
			buildPhases = (
				E600F53820EE94460025BC46 /* Sources */,
				E600F53920EE94460025BC46 /* Frameworks */,
				E600F53A20EE94460025BC46 /* Resources */,
			);
			buildRules = (
			);
			dependencies = (
				E600F53E20EE94460025BC46 /* PBXTargetDependency */,
			);
			name = iOSQuizUITests;
			productName = iOSQuizUITests;
			productReference = E600F53C20EE94460025BC46 /* iOSQuizUITests.xctest */;
			productType = "com.apple.product-type.bundle.ui-testing";
		};
/* End PBXNativeTarget section */

/* Begin PBXProject section */
		E600F51520EE94450025BC46 /* Project object */ = {
			isa = PBXProject;
			attributes = {
				LastSwiftUpdateCheck = 0940;
				LastUpgradeCheck = 0940;
				ORGANIZATIONNAME = "Arun Ram";
				TargetAttributes = {
					E600F51C20EE94450025BC46 = {
						CreatedOnToolsVersion = 9.4.1;
					};
					E600F53020EE94460025BC46 = {
						CreatedOnToolsVersion = 9.4.1;
						TestTargetID = E600F51C20EE94450025BC46;
					};
					E600F53B20EE94460025BC46 = {
						CreatedOnToolsVersion = 9.4.1;
						TestTargetID = E600F51C20EE94450025BC46;
					};
				};
			};
			buildConfigurationList = E600F51820EE94450025BC46 /* Build configuration list for PBXProject "iOSQuiz" */;
			compatibilityVersion = "Xcode 9.3";
			developmentRegion = en;
			hasScannedForEncodings = 0;
			knownRegions = (
				en,
				Base,
			);
			mainGroup = E600F51420EE94450025BC46;
			productRefGroup = E600F51E20EE94450025BC46 /* Products */;
			projectDirPath = "";
			projectRoot = "";
			targets = (
				E600F51C20EE94450025BC46 /* iOSQuiz */,
				E600F53020EE94460025BC46 /* iOSQuizTests */,
				E600F53B20EE94460025BC46 /* iOSQuizUITests */,
			);
		};
/* End PBXProject section */

/* Begin PBXResourcesBuildPhase section */
		E600F51B20EE94450025BC46 /* Resources */ = {
			isa = PBXResourcesBuildPhase;
			buildActionMask = 2147483647;
			files = (
				E600F52B20EE94460025BC46 /* LaunchScreen.storyboard in Resources */,
				E600F52820EE94460025BC46 /* Assets.xcassets in Resources */,
				E600F52620EE94450025BC46 /* Main.storyboard in Resources */,
			);
			runOnlyForDeploymentPostprocessing = 0;
		};
		E600F52F20EE94460025BC46 /* Resources */ = {
			isa = PBXResourcesBuildPhase;
			buildActionMask = 2147483647;
			files = (
			);
			runOnlyForDeploymentPostprocessing = 0;
		};
		E600F53A20EE94460025BC46 /* Resources */ = {
			isa = PBXResourcesBuildPhase;
			buildActionMask = 2147483647;
			files = (
			);
			runOnlyForDeploymentPostprocessing = 0;
		};
/* End PBXResourcesBuildPhase section */

/* Begin PBXSourcesBuildPhase section */
		E600F51920EE94450025BC46 /* Sources */ = {
			isa = PBXSourcesBuildPhase;
			buildActionMask = 2147483647;
			files = (
				E600F52320EE94450025BC46 /* ViewController.swift in Sources */,
				E600F52120EE94450025BC46 /* AppDelegate.swift in Sources */,
			);
			runOnlyForDeploymentPostprocessing = 0;
		};
		E600F52D20EE94460025BC46 /* Sources */ = {
			isa = PBXSourcesBuildPhase;
			buildActionMask = 2147483647;
			files = (
				E600F53620EE94460025BC46 /* iOSQuizTests.swift in Sources */,
			);
			runOnlyForDeploymentPostprocessing = 0;
		};
		E600F53820EE94460025BC46 /* Sources */ = {
			isa = PBXSourcesBuildPhase;
			buildActionMask = 2147483647;
			files = (
				E600F54120EE94460025BC46 /* iOSQuizUITests.swift in Sources */,
			);
			runOnlyForDeploymentPostprocessing = 0;
		};
/* End PBXSourcesBuildPhase section */

/* Begin PBXTargetDependency section */
		E600F53320EE94460025BC46 /* PBXTargetDependency */ = {
			isa = PBXTargetDependency;
			target = E600F51C20EE94450025BC46 /* iOSQuiz */;
			targetProxy = E600F53220EE94460025BC46 /* PBXContainerItemProxy */;
		};
		E600F53E20EE94460025BC46 /* PBXTargetDependency */ = {
			isa = PBXTargetDependency;
			target = E600F51C20EE94450025BC46 /* iOSQuiz */;
			targetProxy = E600F53D20EE94460025BC46 /* PBXContainerItemProxy */;
		};
/* End PBXTargetDependency section */

/* Begin PBXVariantGroup section */
		E600F52420EE94450025BC46 /* Main.storyboard */ = {
			isa = PBXVariantGroup;
			children = (
				E600F52520EE94450025BC46 /* Base */,
			);
			name = Main.storyboard;
			sourceTree = "<group>";
		};
		E600F52920EE94460025BC46 /* LaunchScreen.storyboard */ = {
			isa = PBXVariantGroup;
			children = (
				E600F52A20EE94460025BC46 /* Base */,
			);
			name = LaunchScreen.storyboard;
			sourceTree = "<group>";
		};
/* End PBXVariantGroup section */

/* Begin XCBuildConfiguration section */
		E600F54320EE94470025BC46 /* Debug */ = {
			isa = XCBuildConfiguration;
			buildSettings = {
				ALWAYS_SEARCH_USER_PATHS = NO;
				CLANG_ANALYZER_NONNULL = YES;
				CLANG_ANALYZER_NUMBER_OBJECT_CONVERSION = YES_AGGRESSIVE;
				CLANG_CXX_LANGUAGE_STANDARD = "gnu++14";
				CLANG_CXX_LIBRARY = "libc++";
				CLANG_ENABLE_MODULES = YES;
				CLANG_ENABLE_OBJC_ARC = YES;
				CLANG_ENABLE_OBJC_WEAK = YES;
				CLANG_WARN_BLOCK_CAPTURE_AUTORELEASING = YES;
				CLANG_WARN_BOOL_CONVERSION = YES;
				CLANG_WARN_COMMA = YES;
				CLANG_WARN_CONSTANT_CONVERSION = YES;
				CLANG_WARN_DEPRECATED_OBJC_IMPLEMENTATIONS = YES;
				CLANG_WARN_DIRECT_OBJC_ISA_USAGE = YES_ERROR;
				CLANG_WARN_DOCUMENTATION_COMMENTS = YES;
				CLANG_WARN_EMPTY_BODY = YES;
				CLANG_WARN_ENUM_CONVERSION = YES;
				CLANG_WARN_INFINITE_RECURSION = YES;
				CLANG_WARN_INT_CONVERSION = YES;
				CLANG_WARN_NON_LITERAL_NULL_CONVERSION = YES;
				CLANG_WARN_OBJC_IMPLICIT_RETAIN_SELF = YES;
				CLANG_WARN_OBJC_LITERAL_CONVERSION = YES;
				CLANG_WARN_OBJC_ROOT_CLASS = YES_ERROR;
				CLANG_WARN_RANGE_LOOP_ANALYSIS = YES;
				CLANG_WARN_STRICT_PROTOTYPES = YES;
				CLANG_WARN_SUSPICIOUS_MOVE = YES;
				CLANG_WARN_UNGUARDED_AVAILABILITY = YES_AGGRESSIVE;
				CLANG_WARN_UNREACHABLE_CODE = YES;
				CLANG_WARN__DUPLICATE_METHOD_MATCH = YES;
				CODE_SIGN_IDENTITY = "iPhone Developer";
				COPY_PHASE_STRIP = NO;
				DEBUG_INFORMATION_FORMAT = dwarf;
				ENABLE_STRICT_OBJC_MSGSEND = YES;
				ENABLE_TESTABILITY = YES;
				GCC_C_LANGUAGE_STANDARD = gnu11;
				GCC_DYNAMIC_NO_PIC = NO;
				GCC_NO_COMMON_BLOCKS = YES;
				GCC_OPTIMIZATION_LEVEL = 0;
				GCC_PREPROCESSOR_DEFINITIONS = (
					"DEBUG=1",
					"$(inherited)",
				);
				GCC_WARN_64_TO_32_BIT_CONVERSION = YES;
				GCC_WARN_ABOUT_RETURN_TYPE = YES_ERROR;
				GCC_WARN_UNDECLARED_SELECTOR = YES;
				GCC_WARN_UNINITIALIZED_AUTOS = YES_AGGRESSIVE;
				GCC_WARN_UNUSED_FUNCTION = YES;
				GCC_WARN_UNUSED_VARIABLE = YES;
				IPHONEOS_DEPLOYMENT_TARGET = 11.4;
				MTL_ENABLE_DEBUG_INFO = YES;
				ONLY_ACTIVE_ARCH = YES;
				SDKROOT = iphoneos;
				SWIFT_ACTIVE_COMPILATION_CONDITIONS = DEBUG;
				SWIFT_OPTIMIZATION_LEVEL = "-Onone";
			};
			name = Debug;
		};
		E600F54420EE94470025BC46 /* Release */ = {
			isa = XCBuildConfiguration;
			buildSettings = {
				ALWAYS_SEARCH_USER_PATHS = NO;
				CLANG_ANALYZER_NONNULL = YES;
				CLANG_ANALYZER_NUMBER_OBJECT_CONVERSION = YES_AGGRESSIVE;
				CLANG_CXX_LANGUAGE_STANDARD = "gnu++14";
				CLANG_CXX_LIBRARY = "libc++";
				CLANG_ENABLE_MODULES = YES;
				CLANG_ENABLE_OBJC_ARC = YES;
				CLANG_ENABLE_OBJC_WEAK = YES;
				CLANG_WARN_BLOCK_CAPTURE_AUTORELEASING = YES;
				CLANG_WARN_BOOL_CONVERSION = YES;
				CLANG_WARN_COMMA = YES;
				CLANG_WARN_CONSTANT_CONVERSION = YES;
				CLANG_WARN_DEPRECATED_OBJC_IMPLEMENTATIONS = YES;
				CLANG_WARN_DIRECT_OBJC_ISA_USAGE = YES_ERROR;
				CLANG_WARN_DOCUMENTATION_COMMENTS = YES;
				CLANG_WARN_EMPTY_BODY = YES;
				CLANG_WARN_ENUM_CONVERSION = YES;
				CLANG_WARN_INFINITE_RECURSION = YES;
				CLANG_WARN_INT_CONVERSION = YES;
				CLANG_WARN_NON_LITERAL_NULL_CONVERSION = YES;
				CLANG_WARN_OBJC_IMPLICIT_RETAIN_SELF = YES;
				CLANG_WARN_OBJC_LITERAL_CONVERSION = YES;
				CLANG_WARN_OBJC_ROOT_CLASS = YES_ERROR;
				CLANG_WARN_RANGE_LOOP_ANALYSIS = YES;
				CLANG_WARN_STRICT_PROTOTYPES = YES;
				CLANG_WARN_SUSPICIOUS_MOVE = YES;
				CLANG_WARN_UNGUARDED_AVAILABILITY = YES_AGGRESSIVE;
				CLANG_WARN_UNREACHABLE_CODE = YES;
				CLANG_WARN__DUPLICATE_METHOD_MATCH = YES;
				CODE_SIGN_IDENTITY = "iPhone Developer";
				COPY_PHASE_STRIP = NO;
				DEBUG_INFORMATION_FORMAT = "dwarf-with-dsym";
				ENABLE_NS_ASSERTIONS = NO;
				ENABLE_STRICT_OBJC_MSGSEND = YES;
				GCC_C_LANGUAGE_STANDARD = gnu11;
				GCC_NO_COMMON_BLOCKS = YES;
				GCC_WARN_64_TO_32_BIT_CONVERSION = YES;
				GCC_WARN_ABOUT_RETURN_TYPE = YES_ERROR;
				GCC_WARN_UNDECLARED_SELECTOR = YES;
				GCC_WARN_UNINITIALIZED_AUTOS = YES_AGGRESSIVE;
				GCC_WARN_UNUSED_FUNCTION = YES;
				GCC_WARN_UNUSED_VARIABLE = YES;
				IPHONEOS_DEPLOYMENT_TARGET = 11.4;
				MTL_ENABLE_DEBUG_INFO = NO;
				SDKROOT = iphoneos;
				SWIFT_COMPILATION_MODE = wholemodule;
				SWIFT_OPTIMIZATION_LEVEL = "-O";
				VALIDATE_PRODUCT = YES;
			};
			name = Release;
		};
		E600F54620EE94470025BC46 /* Debug */ = {
			isa = XCBuildConfiguration;
			buildSettings = {
				ASSETCATALOG_COMPILER_APPICON_NAME = AppIcon;
				CODE_SIGN_STYLE = Automatic;
				INFOPLIST_FILE = iOSQuiz/Info.plist;
				LD_RUNPATH_SEARCH_PATHS = (
					"$(inherited)",
					"@executable_path/Frameworks",
				);
				PRODUCT_BUNDLE_IDENTIFIER = com.codingdojo.iOSQuiz;
				PRODUCT_NAME = "$(TARGET_NAME)";
				SWIFT_VERSION = 4.0;
				TARGETED_DEVICE_FAMILY = "1,2";
			};
			name = Debug;
		};
		E600F54720EE94470025BC46 /* Release */ = {
			isa = XCBuildConfiguration;
			buildSettings = {
				ASSETCATALOG_COMPILER_APPICON_NAME = AppIcon;
				CODE_SIGN_STYLE = Automatic;
				INFOPLIST_FILE = iOSQuiz/Info.plist;
				LD_RUNPATH_SEARCH_PATHS = (
					"$(inherited)",
					"@executable_path/Frameworks",
				);
				PRODUCT_BUNDLE_IDENTIFIER = com.codingdojo.iOSQuiz;
				PRODUCT_NAME = "$(TARGET_NAME)";
				SWIFT_VERSION = 4.0;
				TARGETED_DEVICE_FAMILY = "1,2";
			};
			name = Release;
		};
		E600F54920EE94470025BC46 /* Debug */ = {
			isa = XCBuildConfiguration;
			buildSettings = {
				ALWAYS_EMBED_SWIFT_STANDARD_LIBRARIES = YES;
				BUNDLE_LOADER = "$(TEST_HOST)";
				CODE_SIGN_STYLE = Automatic;
				INFOPLIST_FILE = iOSQuizTests/Info.plist;
				LD_RUNPATH_SEARCH_PATHS = (
					"$(inherited)",
					"@executable_path/Frameworks",
					"@loader_path/Frameworks",
				);
				PRODUCT_BUNDLE_IDENTIFIER = com.codingdojo.iOSQuizTests;
				PRODUCT_NAME = "$(TARGET_NAME)";
				SWIFT_VERSION = 4.0;
				TARGETED_DEVICE_FAMILY = "1,2";
				TEST_HOST = "$(BUILT_PRODUCTS_DIR)/iOSQuiz.app/iOSQuiz";
			};
			name = Debug;
		};
		E600F54A20EE94470025BC46 /* Release */ = {
			isa = XCBuildConfiguration;
			buildSettings = {
				ALWAYS_EMBED_SWIFT_STANDARD_LIBRARIES = YES;
				BUNDLE_LOADER = "$(TEST_HOST)";
				CODE_SIGN_STYLE = Automatic;
				INFOPLIST_FILE = iOSQuizTests/Info.plist;
				LD_RUNPATH_SEARCH_PATHS = (
					"$(inherited)",
					"@executable_path/Frameworks",
					"@loader_path/Frameworks",
				);
				PRODUCT_BUNDLE_IDENTIFIER = com.codingdojo.iOSQuizTests;
				PRODUCT_NAME = "$(TARGET_NAME)";
				SWIFT_VERSION = 4.0;
				TARGETED_DEVICE_FAMILY = "1,2";
				TEST_HOST = "$(BUILT_PRODUCTS_DIR)/iOSQuiz.app/iOSQuiz";
			};
			name = Release;
		};
		E600F54C20EE94470025BC46 /* Debug */ = {
			isa = XCBuildConfiguration;
			buildSettings = {
				ALWAYS_EMBED_SWIFT_STANDARD_LIBRARIES = YES;
				CODE_SIGN_STYLE = Automatic;
				INFOPLIST_FILE = iOSQuizUITests/Info.plist;
				LD_RUNPATH_SEARCH_PATHS = (
					"$(inherited)",
					"@executable_path/Frameworks",
					"@loader_path/Frameworks",
				);
				PRODUCT_BUNDLE_IDENTIFIER = com.codingdojo.iOSQuizUITests;
				PRODUCT_NAME = "$(TARGET_NAME)";
				SWIFT_VERSION = 4.0;
				TARGETED_DEVICE_FAMILY = "1,2";
				TEST_TARGET_NAME = iOSQuiz;
			};
			name = Debug;
		};
		E600F54D20EE94470025BC46 /* Release */ = {
			isa = XCBuildConfiguration;
			buildSettings = {
				ALWAYS_EMBED_SWIFT_STANDARD_LIBRARIES = YES;
				CODE_SIGN_STYLE = Automatic;
				INFOPLIST_FILE = iOSQuizUITests/Info.plist;
				LD_RUNPATH_SEARCH_PATHS = (
					"$(inherited)",
					"@executable_path/Frameworks",
					"@loader_path/Frameworks",
				);
				PRODUCT_BUNDLE_IDENTIFIER = com.codingdojo.iOSQuizUITests;
				PRODUCT_NAME = "$(TARGET_NAME)";
				SWIFT_VERSION = 4.0;
				TARGETED_DEVICE_FAMILY = "1,2";
				TEST_TARGET_NAME = iOSQuiz;
			};
			name = Release;
		};
/* End XCBuildConfiguration section */

/* Begin XCConfigurationList section */
		E600F51820EE94450025BC46 /* Build configuration list for PBXProject "iOSQuiz" */ = {
			isa = XCConfigurationList;
			buildConfigurations = (
				E600F54320EE94470025BC46 /* Debug */,
				E600F54420EE94470025BC46 /* Release */,
			);
			defaultConfigurationIsVisible = 0;
			defaultConfigurationName = Release;
		};
		E600F54520EE94470025BC46 /* Build configuration list for PBXNativeTarget "iOSQuiz" */ = {
			isa = XCConfigurationList;
			buildConfigurations = (
				E600F54620EE94470025BC46 /* Debug */,
				E600F54720EE94470025BC46 /* Release */,
			);
			defaultConfigurationIsVisible = 0;
			defaultConfigurationName = Release;
		};
		E600F54820EE94470025BC46 /* Build configuration list for PBXNativeTarget "iOSQuizTests" */ = {
			isa = XCConfigurationList;
			buildConfigurations = (
				E600F54920EE94470025BC46 /* Debug */,
				E600F54A20EE94470025BC46 /* Release */,
			);
			defaultConfigurationIsVisible = 0;
			defaultConfigurationName = Release;
		};
		E600F54B20EE94470025BC46 /* Build configuration list for PBXNativeTarget "iOSQuizUITests" */ = {
			isa = XCConfigurationList;
			buildConfigurations = (
				E600F54C20EE94470025BC46 /* Debug */,
				E600F54D20EE94470025BC46 /* Release */,
			);
			defaultConfigurationIsVisible = 0;
			defaultConfigurationName = Release;
		};
/* End XCConfigurationList section */
	};
	rootObject = E600F51520EE94450025BC46 /* Project object */;
}
